
Microsoft Visual Studio Solution File, Format Version 12.00
# Visual Studio Version 17
VisualStudioVersion = 17.8.34309.116
MinimumVisualStudioVersion = 10.0.40219.1
Project("{FAE04EC0-301F-11D3-BF4B-00C04F79EFBC}") = "Semana2LeerSensor", "Semana2LeerSensor\Semana2LeerSensor.csproj", "{934CB368-9A58-432B-9D53-A01C786FFE9C}"
EndProject
Global
	GlobalSection(SolutionConfigurationPlatforms) = preSolution
		Debug|Any CPU = Debug|Any CPU
		Release|Any CPU = Release|Any CPU
	EndGlobalSection
	GlobalSection(ProjectConfigurationPlatforms) = postSolution
		{934CB368-9A58-432B-9D53-A01C786FFE9C}.Debug|Any CPU.ActiveCfg = Debug|Any CPU
		{934CB368-9A58-432B-9D53-A01C786FFE9C}.Debug|Any CPU.Build.0 = Debug|Any CPU
		{934CB368-9A58-432B-9D53-A01C786FFE9C}.Release|Any CPU.ActiveCfg = Release|Any CPU
		{934CB368-9A58-432B-9D53-A01C786FFE9C}.Release|Any CPU.Build.0 = Release|Any CPU
	EndGlobalSection
	GlobalSection(SolutionProperties) = preSolution
		HideSolutionNode = FALSE
	EndGlobalSection
	GlobalSection(ExtensibilityGlobals) = postSolution
		SolutionGuid = {F5DE7382-5A4D-4279-BB62-E5AF89AEB7EF}
	EndGlobalSection
EndGlobal
